
Microsoft Visual Studio Solution File, Format Version 12.00
# Visual Studio Version 17
VisualStudioVersion = 17.14.36109.1 d17.14
MinimumVisualStudioVersion = 10.0.40219.1
Project("{FAE04EC0-301F-11D3-BF4B-00C04F79EFBC}") = "CountTo10", "CountTo10\CountTo10.csproj", "{71397FB1-686D-4B5E-80AF-089722B49323}"
EndProject
Global
	GlobalSection(SolutionConfigurationPlatforms) = preSolution
		Debug|Any CPU = Debug|Any CPU
		Release|Any CPU = Release|Any CPU
	EndGlobalSection
	GlobalSection(ProjectConfigurationPlatforms) = postSolution
		{71397FB1-686D-4B5E-80AF-089722B49323}.Debug|Any CPU.ActiveCfg = Debug|Any CPU
		{71397FB1-686D-4B5E-80AF-089722B49323}.Debug|Any CPU.Build.0 = Debug|Any CPU
		{71397FB1-686D-4B5E-80AF-089722B49323}.Release|Any CPU.ActiveCfg = Release|Any CPU
		{71397FB1-686D-4B5E-80AF-089722B49323}.Release|Any CPU.Build.0 = Release|Any CPU
	EndGlobalSection
	GlobalSection(SolutionProperties) = preSolution
		HideSolutionNode = FALSE
	EndGlobalSection
	GlobalSection(ExtensibilityGlobals) = postSolution
		SolutionGuid = {D54EDB40-D225-41C1-9078-9F6D0CD0C622}
	EndGlobalSection
EndGlobal
